{
  "object": {
    "pins": [
      {
        "package": "Alamofire",
        "repositoryURL": "https://github.com/Alamofire/Alamofire.git",
        "state": {
          "branch": null,
          "revision": "7be73f6c2b5cd90e40798b06ebd5da8f9f79cf88",
          "version": "5.11.0"
        }
      },
      {
        "package": "ObjectMapper",
        "repositoryURL": "https://github.com/tristanhimmelman/ObjectMapper.git",
        "state": {
          "branch": null,
          "revision": "6021c6035e83a306047348666f6400dc61445d3b",
          "version": "4.4.3"
        }
      },
      {
        "package": "SDWebImage",
        "repositoryURL": "https://github.com/SDWebImage/SDWebImage.git",
        "state": {
          "branch": null,
          "revision": "36e79ba485e9bb4d3cd4e3318908866dac5e7b51",
          "version": "5.21.5"
        }
      }
    ]
  },
  "version": 1
}
