PODS:
  - Alamofire (5.10.2)
  - ObjectMapper (4.4.2)

DEPENDENCIES:
  - Alamofire (~> 5.10.2)
  - ObjectMapper

SPEC REPOS:
  trunk:
    - Alamofire
    - ObjectMapper

SPEC CHECKSUMS:
  Alamofire: 7193b3b92c74a07f85569e1a6c4f4237291e7496
  ObjectMapper: e6e4d91ff7f2861df7aecc536c92d8363f4c9677

PODFILE CHECKSUM: dc0d79c504a2748aaa378c5dfa3313fbb39760ff

COCOAPODS: 1.16.2
