// !$*UTF8*$!
{
	archiveVersion = 1;
	classes = {
	};
	objectVersion = 48;
	objects = {

/* Begin PBXBuildFile section */
		1440F8C72ED473B9001317B7 /* colors.xcassets in Resources */ = {isa = PBXBuildFile; fileRef = 1440F8C62ED473B9001317B7 /* colors.xcassets */; };
		1440F8CA2ED47BFF001317B7 /* PHColorProfile.swift in Sources */ = {isa = PBXBuildFile; fileRef = 1440F8C82ED4756C001317B7 /* PHColorProfile.swift */; };
		1460C8BA2F222E20005CB9BA /* PayOptionCollectionViewCell.swift in Sources */ = {isa = PBXBuildFile; fileRef = 1460C8B62F222E20005CB9BA /* PayOptionCollectionViewCell.swift */; };
		1460C8BB2F222E20005CB9BA /* PHBottomSheetTableViewSectioHeader.swift in Sources */ = {isa = PBXBuildFile; fileRef = 1460C8B82F222E20005CB9BA /* PHBottomSheetTableViewSectioHeader.swift */; };
		1460C8BC2F222E20005CB9BA /* PayWithHelaPayTableViewCell.swift in Sources */ = {isa = PBXBuildFile; fileRef = 1460C8B72F222E20005CB9BA /* PayWithHelaPayTableViewCell.swift */; };
		1460C8BD2F222E20005CB9BA /* PaymentOptionTableViewCell.swift in Sources */ = {isa = PBXBuildFile; fileRef = 1460C8B52F222E20005CB9BA /* PaymentOptionTableViewCell.swift */; };
		1460C8BE2F222E20005CB9BA /* WVCheckMark.swift in Sources */ = {isa = PBXBuildFile; fileRef = 1460C8B92F222E20005CB9BA /* WVCheckMark.swift */; };
		1460C8BF2F222E20005CB9BA /* HeaderCollectionReusableView.swift in Sources */ = {isa = PBXBuildFile; fileRef = 1460C8B42F222E20005CB9BA /* HeaderCollectionReusableView.swift */; };
		1460C8C62F22332A005CB9BA /* HeaderCollectionReusableView.xib in Resources */ = {isa = PBXBuildFile; fileRef = 1460C8C02F22332A005CB9BA /* HeaderCollectionReusableView.xib */; };
		1460C8C72F22332A005CB9BA /* PayOptionCollectionViewCell.xib in Resources */ = {isa = PBXBuildFile; fileRef = 1460C8C32F22332A005CB9BA /* PayOptionCollectionViewCell.xib */; };
		1460C8C82F22332A005CB9BA /* PayWithHelaPayTableViewCell.xib in Resources */ = {isa = PBXBuildFile; fileRef = 1460C8C42F22332A005CB9BA /* PayWithHelaPayTableViewCell.xib */; };
		1460C8C92F22332A005CB9BA /* PayHere.storyboard in Resources */ = {isa = PBXBuildFile; fileRef = 1460C8C12F22332A005CB9BA /* PayHere.storyboard */; };
		1460C8CA2F22332A005CB9BA /* PaymentOptionTableViewCell.xib in Resources */ = {isa = PBXBuildFile; fileRef = 1460C8C22F22332A005CB9BA /* PaymentOptionTableViewCell.xib */; };
		1460C8CB2F22332A005CB9BA /* PHBottomSheetTableViewSectioHeader.xib in Resources */ = {isa = PBXBuildFile; fileRef = 1460C8C52F22332A005CB9BA /* PHBottomSheetTableViewSectioHeader.xib */; };
		1473770A2D71722600EFFC0E /* PrivacyInfo.xcprivacy in Resources */ = {isa = PBXBuildFile; fileRef = 147377092D71722600EFFC0E /* PrivacyInfo.xcprivacy */; };
		3B0294C91C6B4FD9D211D08B /* Pods_demoapp.framework in Frameworks */ = {isa = PBXBuildFile; fileRef = 82FDBCDF785EAEB266372CBC /* Pods_demoapp.framework */; };
		8A1FF74B206254DF00924B21 /* README.md in Resources */ = {isa = PBXBuildFile; fileRef = 8A1FF74A206254DF00924B21 /* README.md */; };
		8A74D7E320528D9800CF10AB /* payHereSDK.h in Headers */ = {isa = PBXBuildFile; fileRef = 8A74D7E120528D9800CF10AB /* payHereSDK.h */; settings = {ATTRIBUTES = (Public, ); }; };
		8A74D7EF20528E3900CF10AB /* PHResponse.swift in Sources */ = {isa = PBXBuildFile; fileRef = 8A74D7EA20528E3800CF10AB /* PHResponse.swift */; };
		8A74D7F020528E3900CF10AB /* ParamHandler.swift in Sources */ = {isa = PBXBuildFile; fileRef = 8A74D7EB20528E3800CF10AB /* ParamHandler.swift */; };
		8A74D7F120528E3900CF10AB /* PHConstants.swift in Sources */ = {isa = PBXBuildFile; fileRef = 8A74D7EC20528E3900CF10AB /* PHConstants.swift */; };
		8A74D7F220528E3900CF10AB /* PHConfigs.swift in Sources */ = {isa = PBXBuildFile; fileRef = 8A74D7ED20528E3900CF10AB /* PHConfigs.swift */; };
		8A74D7F920528E5C00CF10AB /* Customer.swift in Sources */ = {isa = PBXBuildFile; fileRef = 8A74D7F420528E5B00CF10AB /* Customer.swift */; };
		8A74D7FA20528E5C00CF10AB /* StatusResponse.swift in Sources */ = {isa = PBXBuildFile; fileRef = 8A74D7F520528E5B00CF10AB /* StatusResponse.swift */; };
		8A74D7FB20528E5C00CF10AB /* Item.swift in Sources */ = {isa = PBXBuildFile; fileRef = 8A74D7F620528E5C00CF10AB /* Item.swift */; };
		8A74D7FC20528E5C00CF10AB /* Address.swift in Sources */ = {isa = PBXBuildFile; fileRef = 8A74D7F720528E5C00CF10AB /* Address.swift */; };
		8A74D7FD20528E5C00CF10AB /* InitRequest.swift in Sources */ = {isa = PBXBuildFile; fileRef = 8A74D7F820528E5C00CF10AB /* InitRequest.swift */; };
		8A74D7FF20528E7100CF10AB /* Extention.swift in Sources */ = {isa = PBXBuildFile; fileRef = 8A74D7FE20528E7100CF10AB /* Extention.swift */; };
		8AD11E6320612739002E4F82 /* LICENSE in Resources */ = {isa = PBXBuildFile; fileRef = 8AD11E6120612739002E4F82 /* LICENSE */; };
		8AD11E6420612739002E4F82 /* payHereSDK.podspec in Resources */ = {isa = PBXBuildFile; fileRef = 8AD11E6220612739002E4F82 /* payHereSDK.podspec */; };
		C72750CD23A75B8A00AE9037 /* image.xcassets in Resources */ = {isa = PBXBuildFile; fileRef = C72750CC23A75B8A00AE9037 /* image.xcassets */; };
		C72A13D12784500D00F08E22 /* PaymentOptionTableViewCell.swift in Sources */ = {isa = PBXBuildFile; fileRef = C72A13CF2784500C00F08E22 /* PaymentOptionTableViewCell.swift */; };
		C72A13D42785ABBE00F08E22 /* SubmitRequest.swift in Sources */ = {isa = PBXBuildFile; fileRef = C72A13D32785ABBD00F08E22 /* SubmitRequest.swift */; };
		C746D510234C9A7300F9D06F /* PHPrecentController.swift in Sources */ = {isa = PBXBuildFile; fileRef = C746D50F234C9A7300F9D06F /* PHPrecentController.swift */; };
		C75702BB23D802ED00805AF8 /* PaymentUI.swift in Sources */ = {isa = PBXBuildFile; fileRef = C75702BA23D802ED00805AF8 /* PaymentUI.swift */; };
		C75702BD23D8381700805AF8 /* WVCheckMark.swift in Sources */ = {isa = PBXBuildFile; fileRef = C75702BC23D8381600805AF8 /* WVCheckMark.swift */; };
		C75702BF23D963F700805AF8 /* PHInitialRequest.swift in Sources */ = {isa = PBXBuildFile; fileRef = C75702BE23D963F600805AF8 /* PHInitialRequest.swift */; };
		C75702C123D9642C00805AF8 /* PHInitRequest.swift in Sources */ = {isa = PBXBuildFile; fileRef = C75702C023D9642C00805AF8 /* PHInitRequest.swift */; };
		C75702C323D964A700805AF8 /* PHEnums.swift in Sources */ = {isa = PBXBuildFile; fileRef = C75702C223D964A700805AF8 /* PHEnums.swift */; };
		C75D50D823BCC61100088CDB /* PHInitResponse.swift in Sources */ = {isa = PBXBuildFile; fileRef = C75D50D723BCC61100088CDB /* PHInitResponse.swift */; };
		C793DE6023C717C900666008 /* AppDelegate.swift in Sources */ = {isa = PBXBuildFile; fileRef = C793DE5F23C717C900666008 /* AppDelegate.swift */; };
		C793DE6223C717C900666008 /* SceneDelegate.swift in Sources */ = {isa = PBXBuildFile; fileRef = C793DE6123C717C900666008 /* SceneDelegate.swift */; };
		C793DE6423C717C900666008 /* ViewController.swift in Sources */ = {isa = PBXBuildFile; fileRef = C793DE6323C717C900666008 /* ViewController.swift */; };
		C793DE6723C717C900666008 /* Main.storyboard in Resources */ = {isa = PBXBuildFile; fileRef = C793DE6523C717C900666008 /* Main.storyboard */; };
		C793DE6923C717CA00666008 /* Assets.xcassets in Resources */ = {isa = PBXBuildFile; fileRef = C793DE6823C717CA00666008 /* Assets.xcassets */; };
		C793DE6C23C717CA00666008 /* LaunchScreen.storyboard in Resources */ = {isa = PBXBuildFile; fileRef = C793DE6A23C717CA00666008 /* LaunchScreen.storyboard */; };
		C793DE7123C717F000666008 /* payHereSDK.framework in Frameworks */ = {isa = PBXBuildFile; fileRef = 8A74D7DE20528D9800CF10AB /* payHereSDK.framework */; };
		C793DE7223C717F000666008 /* payHereSDK.framework in Embed Frameworks */ = {isa = PBXBuildFile; fileRef = 8A74D7DE20528D9800CF10AB /* payHereSDK.framework */; settings = {ATTRIBUTES = (CodeSignOnCopy, RemoveHeadersOnCopy, ); }; };
		C799349423A8E72B005E5A7B /* PHBottomViewController.swift in Sources */ = {isa = PBXBuildFile; fileRef = C799349323A8E72B005E5A7B /* PHBottomViewController.swift */; };
		C799349723A9FEFC005E5A7B /* PayOptionCollectionViewCell.swift in Sources */ = {isa = PBXBuildFile; fileRef = C799349523A9FEFC005E5A7B /* PayOptionCollectionViewCell.swift */; };
		C7A7DA3323C5D6F90029210E /* HeaderCollectionReusableView.swift in Sources */ = {isa = PBXBuildFile; fileRef = C7A7DA3123C5D6F90029210E /* HeaderCollectionReusableView.swift */; };
		C7CD777C2796CE5300BD9F66 /* PayHereInitnSubmitResponse.swift in Sources */ = {isa = PBXBuildFile; fileRef = C7CD777B2796CE5300BD9F66 /* PayHereInitnSubmitResponse.swift */; };
		C7CD777E279E85DF00BD9F66 /* Cache.swift in Sources */ = {isa = PBXBuildFile; fileRef = C7CD777D279E85DE00BD9F66 /* Cache.swift */; };
		C7DF820324E6846300241DA6 /* WebKit.framework in Frameworks */ = {isa = PBXBuildFile; fileRef = C7DF81FD24E65DD500241DA6 /* WebKit.framework */; };
		C7E9F6B8277C2FA20013D2D4 /* PayWithHelaPayTableViewCell.swift in Sources */ = {isa = PBXBuildFile; fileRef = C7E9F6B6277C2FA10013D2D4 /* PayWithHelaPayTableViewCell.swift */; };
		C7E9F6BC277C31810013D2D4 /* HPayBold.ttf in Resources */ = {isa = PBXBuildFile; fileRef = C7E9F6BA277C31810013D2D4 /* HPayBold.ttf */; };
		C7E9F6BD277C31810013D2D4 /* HPay.ttf in Resources */ = {isa = PBXBuildFile; fileRef = C7E9F6BB277C31810013D2D4 /* HPay.ttf */; };
		C7E9F6BF277C76A10013D2D4 /* PHBottomSheetTableViewSectioHeader.swift in Sources */ = {isa = PBXBuildFile; fileRef = C7E9F6BE277C76A10013D2D4 /* PHBottomSheetTableViewSectioHeader.swift */; };
		ED866139D217E7F750AE7216 /* Pods_payHereSDK.framework in Frameworks */ = {isa = PBXBuildFile; fileRef = 4516ECDAED2B30AAB042D90F /* Pods_payHereSDK.framework */; };
		F503041127E4744C008844E5 /* PHUtils.swift in Sources */ = {isa = PBXBuildFile; fileRef = F503041027E4744C008844E5 /* PHUtils.swift */; };
		F505EC902833418C00F6AC4F /* WaitUntil.swift in Sources */ = {isa = PBXBuildFile; fileRef = F505EC8F2833418C00F6AC4F /* WaitUntil.swift */; };
/* End PBXBuildFile section */

/* Begin PBXContainerItemProxy section */
		C793DE7323C717F000666008 /* PBXContainerItemProxy */ = {
			isa = PBXContainerItemProxy;
			containerPortal = 8A74D7D520528D9800CF10AB /* Project object */;
			proxyType = 1;
			remoteGlobalIDString = 8A74D7DD20528D9800CF10AB;
			remoteInfo = payHereSDK;
		};
/* End PBXContainerItemProxy section */

/* Begin PBXCopyFilesBuildPhase section */
		C793DE7523C717F000666008 /* Embed Frameworks */ = {
			isa = PBXCopyFilesBuildPhase;
			buildActionMask = 2147483647;
			dstPath = "";
			dstSubfolderSpec = 10;
			files = (
				C793DE7223C717F000666008 /* payHereSDK.framework in Embed Frameworks */,
			);
			name = "Embed Frameworks";
			runOnlyForDeploymentPostprocessing = 0;
		};
/* End PBXCopyFilesBuildPhase section */

/* Begin PBXFileReference section */
		1440F8C62ED473B9001317B7 /* colors.xcassets */ = {isa = PBXFileReference; lastKnownFileType = folder.assetcatalog; path = colors.xcassets; sourceTree = "<group>"; };
		1440F8C82ED4756C001317B7 /* PHColorProfile.swift */ = {isa = PBXFileReference; lastKnownFileType = sourcecode.swift; path = PHColorProfile.swift; sourceTree = "<group>"; };
		1460C8B42F222E20005CB9BA /* HeaderCollectionReusableView.swift */ = {isa = PBXFileReference; lastKnownFileType = sourcecode.swift; path = HeaderCollectionReusableView.swift; sourceTree = "<group>"; };
		1460C8B52F222E20005CB9BA /* PaymentOptionTableViewCell.swift */ = {isa = PBXFileReference; lastKnownFileType = sourcecode.swift; path = PaymentOptionTableViewCell.swift; sourceTree = "<group>"; };
		1460C8B62F222E20005CB9BA /* PayOptionCollectionViewCell.swift */ = {isa = PBXFileReference; lastKnownFileType = sourcecode.swift; path = PayOptionCollectionViewCell.swift; sourceTree = "<group>"; };
		1460C8B72F222E20005CB9BA /* PayWithHelaPayTableViewCell.swift */ = {isa = PBXFileReference; lastKnownFileType = sourcecode.swift; path = PayWithHelaPayTableViewCell.swift; sourceTree = "<group>"; };
		1460C8B82F222E20005CB9BA /* PHBottomSheetTableViewSectioHeader.swift */ = {isa = PBXFileReference; lastKnownFileType = sourcecode.swift; path = PHBottomSheetTableViewSectioHeader.swift; sourceTree = "<group>"; };
		1460C8B92F222E20005CB9BA /* WVCheckMark.swift */ = {isa = PBXFileReference; lastKnownFileType = sourcecode.swift; path = WVCheckMark.swift; sourceTree = "<group>"; };
		1460C8C02F22332A005CB9BA /* HeaderCollectionReusableView.xib */ = {isa = PBXFileReference; lastKnownFileType = file.xib; path = HeaderCollectionReusableView.xib; sourceTree = "<group>"; };
		1460C8C12F22332A005CB9BA /* PayHere.storyboard */ = {isa = PBXFileReference; lastKnownFileType = file.storyboard; path = PayHere.storyboard; sourceTree = "<group>"; };
		1460C8C22F22332A005CB9BA /* PaymentOptionTableViewCell.xib */ = {isa = PBXFileReference; lastKnownFileType = file.xib; path = PaymentOptionTableViewCell.xib; sourceTree = "<group>"; };
		1460C8C32F22332A005CB9BA /* PayOptionCollectionViewCell.xib */ = {isa = PBXFileReference; lastKnownFileType = file.xib; path = PayOptionCollectionViewCell.xib; sourceTree = "<group>"; };
		1460C8C42F22332A005CB9BA /* PayWithHelaPayTableViewCell.xib */ = {isa = PBXFileReference; lastKnownFileType = file.xib; path = PayWithHelaPayTableViewCell.xib; sourceTree = "<group>"; };
		1460C8C52F22332A005CB9BA /* PHBottomSheetTableViewSectioHeader.xib */ = {isa = PBXFileReference; lastKnownFileType = file.xib; path = PHBottomSheetTableViewSectioHeader.xib; sourceTree = "<group>"; };
		147377092D71722600EFFC0E /* PrivacyInfo.xcprivacy */ = {isa = PBXFileReference; lastKnownFileType = text.xml; path = PrivacyInfo.xcprivacy; sourceTree = "<group>"; };
		15F26120318AC2818B0DAB60 /* Pods-demoapp.release.xcconfig */ = {isa = PBXFileReference; includeInIndex = 1; lastKnownFileType = text.xcconfig; name = "Pods-demoapp.release.xcconfig"; path = "Target Support Files/Pods-demoapp/Pods-demoapp.release.xcconfig"; sourceTree = "<group>"; };
		4516ECDAED2B30AAB042D90F /* Pods_payHereSDK.framework */ = {isa = PBXFileReference; explicitFileType = wrapper.framework; includeInIndex = 0; path = Pods_payHereSDK.framework; sourceTree = BUILT_PRODUCTS_DIR; };
		6FEEB29D828D8D62BD0152D3 /* Pods-payHereSDK.release.xcconfig */ = {isa = PBXFileReference; includeInIndex = 1; lastKnownFileType = text.xcconfig; name = "Pods-payHereSDK.release.xcconfig"; path = "Target Support Files/Pods-payHereSDK/Pods-payHereSDK.release.xcconfig"; sourceTree = "<group>"; };
		82FDBCDF785EAEB266372CBC /* Pods_demoapp.framework */ = {isa = PBXFileReference; explicitFileType = wrapper.framework; includeInIndex = 0; path = Pods_demoapp.framework; sourceTree = BUILT_PRODUCTS_DIR; };
		8A1FF74A206254DF00924B21 /* README.md */ = {isa = PBXFileReference; fileEncoding = 4; lastKnownFileType = net.daringfireball.markdown; path = README.md; sourceTree = "<group>"; };
		8A74D7DE20528D9800CF10AB /* payHereSDK.framework */ = {isa = PBXFileReference; explicitFileType = wrapper.framework; includeInIndex = 0; path = payHereSDK.framework; sourceTree = BUILT_PRODUCTS_DIR; };
		8A74D7E120528D9800CF10AB /* payHereSDK.h */ = {isa = PBXFileReference; lastKnownFileType = sourcecode.c.h; path = payHereSDK.h; sourceTree = "<group>"; };
		8A74D7EA20528E3800CF10AB /* PHResponse.swift */ = {isa = PBXFileReference; fileEncoding = 4; lastKnownFileType = sourcecode.swift; path = PHResponse.swift; sourceTree = "<group>"; };
		8A74D7EB20528E3800CF10AB /* ParamHandler.swift */ = {isa = PBXFileReference; fileEncoding = 4; lastKnownFileType = sourcecode.swift; path = ParamHandler.swift; sourceTree = "<group>"; };
		8A74D7EC20528E3900CF10AB /* PHConstants.swift */ = {isa = PBXFileReference; fileEncoding = 4; lastKnownFileType = sourcecode.swift; path = PHConstants.swift; sourceTree = "<group>"; };
		8A74D7ED20528E3900CF10AB /* PHConfigs.swift */ = {isa = PBXFileReference; fileEncoding = 4; lastKnownFileType = sourcecode.swift; path = PHConfigs.swift; sourceTree = "<group>"; };
		8A74D7F420528E5B00CF10AB /* Customer.swift */ = {isa = PBXFileReference; fileEncoding = 4; lastKnownFileType = sourcecode.swift; path = Customer.swift; sourceTree = "<group>"; };
		8A74D7F520528E5B00CF10AB /* StatusResponse.swift */ = {isa = PBXFileReference; fileEncoding = 4; lastKnownFileType = sourcecode.swift; path = StatusResponse.swift; sourceTree = "<group>"; };
		8A74D7F620528E5C00CF10AB /* Item.swift */ = {isa = PBXFileReference; fileEncoding = 4; lastKnownFileType = sourcecode.swift; path = Item.swift; sourceTree = "<group>"; };
		8A74D7F720528E5C00CF10AB /* Address.swift */ = {isa = PBXFileReference; fileEncoding = 4; lastKnownFileType = sourcecode.swift; path = Address.swift; sourceTree = "<group>"; };
		8A74D7F820528E5C00CF10AB /* InitRequest.swift */ = {isa = PBXFileReference; fileEncoding = 4; lastKnownFileType = sourcecode.swift; path = InitRequest.swift; sourceTree = "<group>"; };
		8A74D7FE20528E7100CF10AB /* Extention.swift */ = {isa = PBXFileReference; fileEncoding = 4; lastKnownFileType = sourcecode.swift; path = Extention.swift; sourceTree = "<group>"; };
		8AD11E6120612739002E4F82 /* LICENSE */ = {isa = PBXFileReference; fileEncoding = 4; lastKnownFileType = text; path = LICENSE; sourceTree = "<group>"; };
		8AD11E6220612739002E4F82 /* payHereSDK.podspec */ = {isa = PBXFileReference; fileEncoding = 4; lastKnownFileType = text; path = payHereSDK.podspec; sourceTree = "<group>"; };
		C72750CC23A75B8A00AE9037 /* image.xcassets */ = {isa = PBXFileReference; lastKnownFileType = folder.assetcatalog; path = image.xcassets; sourceTree = "<group>"; };
		C72A13CF2784500C00F08E22 /* PaymentOptionTableViewCell.swift */ = {isa = PBXFileReference; lastKnownFileType = sourcecode.swift; path = PaymentOptionTableViewCell.swift; sourceTree = "<group>"; };
		C72A13D32785ABBD00F08E22 /* SubmitRequest.swift */ = {isa = PBXFileReference; lastKnownFileType = sourcecode.swift; path = SubmitRequest.swift; sourceTree = "<group>"; };
		C746D50F234C9A7300F9D06F /* PHPrecentController.swift */ = {isa = PBXFileReference; lastKnownFileType = sourcecode.swift; path = PHPrecentController.swift; sourceTree = "<group>"; };
		C75702BA23D802ED00805AF8 /* PaymentUI.swift */ = {isa = PBXFileReference; lastKnownFileType = sourcecode.swift; path = PaymentUI.swift; sourceTree = "<group>"; };
		C75702BC23D8381600805AF8 /* WVCheckMark.swift */ = {isa = PBXFileReference; lastKnownFileType = sourcecode.swift; path = WVCheckMark.swift; sourceTree = "<group>"; };
		C75702BE23D963F600805AF8 /* PHInitialRequest.swift */ = {isa = PBXFileReference; lastKnownFileType = sourcecode.swift; path = PHInitialRequest.swift; sourceTree = "<group>"; };
		C75702C023D9642C00805AF8 /* PHInitRequest.swift */ = {isa = PBXFileReference; lastKnownFileType = sourcecode.swift; path = PHInitRequest.swift; sourceTree = "<group>"; };
		C75702C223D964A700805AF8 /* PHEnums.swift */ = {isa = PBXFileReference; lastKnownFileType = sourcecode.swift; path = PHEnums.swift; sourceTree = "<group>"; };
		C75D50D723BCC61100088CDB /* PHInitResponse.swift */ = {isa = PBXFileReference; lastKnownFileType = sourcecode.swift; path = PHInitResponse.swift; sourceTree = "<group>"; };
		C793DE5D23C717C900666008 /* demoapp.app */ = {isa = PBXFileReference; explicitFileType = wrapper.application; includeInIndex = 0; path = demoapp.app; sourceTree = BUILT_PRODUCTS_DIR; };
		C793DE5F23C717C900666008 /* AppDelegate.swift */ = {isa = PBXFileReference; lastKnownFileType = sourcecode.swift; path = AppDelegate.swift; sourceTree = "<group>"; };
		C793DE6123C717C900666008 /* SceneDelegate.swift */ = {isa = PBXFileReference; lastKnownFileType = sourcecode.swift; path = SceneDelegate.swift; sourceTree = "<group>"; };
		C793DE6323C717C900666008 /* ViewController.swift */ = {isa = PBXFileReference; lastKnownFileType = sourcecode.swift; path = ViewController.swift; sourceTree = "<group>"; };
		C793DE6623C717C900666008 /* Base */ = {isa = PBXFileReference; lastKnownFileType = file.storyboard; name = Base; path = Base.lproj/Main.storyboard; sourceTree = "<group>"; };
		C793DE6823C717CA00666008 /* Assets.xcassets */ = {isa = PBXFileReference; lastKnownFileType = folder.assetcatalog; path = Assets.xcassets; sourceTree = "<group>"; };
		C793DE6B23C717CA00666008 /* Base */ = {isa = PBXFileReference; lastKnownFileType = file.storyboard; name = Base; path = Base.lproj/LaunchScreen.storyboard; sourceTree = "<group>"; };
		C793DE6D23C717CA00666008 /* Info.plist */ = {isa = PBXFileReference; lastKnownFileType = text.plist.xml; path = Info.plist; sourceTree = "<group>"; };
		C799349323A8E72B005E5A7B /* PHBottomViewController.swift */ = {isa = PBXFileReference; lastKnownFileType = sourcecode.swift; path = PHBottomViewController.swift; sourceTree = "<group>"; };
		C799349523A9FEFC005E5A7B /* PayOptionCollectionViewCell.swift */ = {isa = PBXFileReference; lastKnownFileType = sourcecode.swift; path = PayOptionCollectionViewCell.swift; sourceTree = "<group>"; };
		C7A7DA3123C5D6F90029210E /* HeaderCollectionReusableView.swift */ = {isa = PBXFileReference; lastKnownFileType = sourcecode.swift; path = HeaderCollectionReusableView.swift; sourceTree = "<group>"; };
		C7CD777B2796CE5300BD9F66 /* PayHereInitnSubmitResponse.swift */ = {isa = PBXFileReference; lastKnownFileType = sourcecode.swift; path = PayHereInitnSubmitResponse.swift; sourceTree = "<group>"; };
		C7CD777D279E85DE00BD9F66 /* Cache.swift */ = {isa = PBXFileReference; lastKnownFileType = sourcecode.swift; path = Cache.swift; sourceTree = "<group>"; };
		C7DF81FD24E65DD500241DA6 /* WebKit.framework */ = {isa = PBXFileReference; lastKnownFileType = wrapper.framework; name = WebKit.framework; path = Platforms/MacOSX.platform/Developer/SDKs/MacOSX10.15.sdk/System/Library/Frameworks/WebKit.framework; sourceTree = DEVELOPER_DIR; };
		C7E9F6B6277C2FA10013D2D4 /* PayWithHelaPayTableViewCell.swift */ = {isa = PBXFileReference; lastKnownFileType = sourcecode.swift; path = PayWithHelaPayTableViewCell.swift; sourceTree = "<group>"; };
		C7E9F6BA277C31810013D2D4 /* HPayBold.ttf */ = {isa = PBXFileReference; lastKnownFileType = file; path = HPayBold.ttf; sourceTree = "<group>"; };
		C7E9F6BB277C31810013D2D4 /* HPay.ttf */ = {isa = PBXFileReference; lastKnownFileType = file; path = HPay.ttf; sourceTree = "<group>"; };
		C7E9F6BE277C76A10013D2D4 /* PHBottomSheetTableViewSectioHeader.swift */ = {isa = PBXFileReference; lastKnownFileType = sourcecode.swift; path = PHBottomSheetTableViewSectioHeader.swift; sourceTree = "<group>"; };
		D99B0729ADA86551C3CE2AA5 /* Pods-demoapp.debug.xcconfig */ = {isa = PBXFileReference; includeInIndex = 1; lastKnownFileType = text.xcconfig; name = "Pods-demoapp.debug.xcconfig"; path = "Target Support Files/Pods-demoapp/Pods-demoapp.debug.xcconfig"; sourceTree = "<group>"; };
		E80B4F04AD6AF11AF46DCAAA /* Pods-payHereSDK.debug.xcconfig */ = {isa = PBXFileReference; includeInIndex = 1; lastKnownFileType = text.xcconfig; name = "Pods-payHereSDK.debug.xcconfig"; path = "Target Support Files/Pods-payHereSDK/Pods-payHereSDK.debug.xcconfig"; sourceTree = "<group>"; };
		F503041027E4744C008844E5 /* PHUtils.swift */ = {isa = PBXFileReference; lastKnownFileType = sourcecode.swift; path = PHUtils.swift; sourceTree = "<group>"; };
		F505EC8F2833418C00F6AC4F /* WaitUntil.swift */ = {isa = PBXFileReference; lastKnownFileType = sourcecode.swift; path = WaitUntil.swift; sourceTree = "<group>"; };
/* End PBXFileReference section */

/* Begin PBXFrameworksBuildPhase section */
		8A74D7DA20528D9800CF10AB /* Frameworks */ = {
			isa = PBXFrameworksBuildPhase;
			buildActionMask = 2147483647;
			files = (
				C7DF820324E6846300241DA6 /* WebKit.framework in Frameworks */,
				ED866139D217E7F750AE7216 /* Pods_payHereSDK.framework in Frameworks */,
			);
			runOnlyForDeploymentPostprocessing = 0;
		};
		C793DE5A23C717C900666008 /* Frameworks */ = {
			isa = PBXFrameworksBuildPhase;
			buildActionMask = 2147483647;
			files = (
				C793DE7123C717F000666008 /* payHereSDK.framework in Frameworks */,
				3B0294C91C6B4FD9D211D08B /* Pods_demoapp.framework in Frameworks */,
			);
			runOnlyForDeploymentPostprocessing = 0;
		};
/* End PBXFrameworksBuildPhase section */

/* Begin PBXGroup section */
		6ECF03BD9C78798C39D67C40 /* Frameworks */ = {
			isa = PBXGroup;
			children = (
				C7DF81FD24E65DD500241DA6 /* WebKit.framework */,
				82FDBCDF785EAEB266372CBC /* Pods_demoapp.framework */,
				4516ECDAED2B30AAB042D90F /* Pods_payHereSDK.framework */,
			);
			name = Frameworks;
			sourceTree = "<group>";
		};
		8A74D7D420528D9800CF10AB = {
			isa = PBXGroup;
			children = (
				8A1FF74A206254DF00924B21 /* README.md */,
				8AD11E6120612739002E4F82 /* LICENSE */,
				8AD11E6220612739002E4F82 /* payHereSDK.podspec */,
				8A74D7E020528D9800CF10AB /* payHereSDK */,
				C793DE5E23C717C900666008 /* demoapp */,
				8A74D7DF20528D9800CF10AB /* Products */,
				6ECF03BD9C78798C39D67C40 /* Frameworks */,
				908B1E05744795CCDC2952E2 /* Pods */,
			);
			sourceTree = "<group>";
		};
		8A74D7DF20528D9800CF10AB /* Products */ = {
			isa = PBXGroup;
			children = (
				8A74D7DE20528D9800CF10AB /* payHereSDK.framework */,
				C793DE5D23C717C900666008 /* demoapp.app */,
			);
			name = Products;
			sourceTree = "<group>";
		};
		8A74D7E020528D9800CF10AB /* payHereSDK */ = {
			isa = PBXGroup;
			children = (
				C7F807F32281AA7D008FC750 /* Sources */,
			);
			path = payHereSDK;
			sourceTree = "<group>";
		};
		8A74D7F320528E4500CF10AB /* Model */ = {
			isa = PBXGroup;
			children = (
				8A74D7F720528E5C00CF10AB /* Address.swift */,
				8A74D7F420528E5B00CF10AB /* Customer.swift */,
				8A74D7F820528E5C00CF10AB /* InitRequest.swift */,
				8A74D7F620528E5C00CF10AB /* Item.swift */,
				8A74D7F520528E5B00CF10AB /* StatusResponse.swift */,
				C75D50D723BCC61100088CDB /* PHInitResponse.swift */,
				C75702BA23D802ED00805AF8 /* PaymentUI.swift */,
				C75702BE23D963F600805AF8 /* PHInitialRequest.swift */,
				C75702C023D9642C00805AF8 /* PHInitRequest.swift */,
				C75702C223D964A700805AF8 /* PHEnums.swift */,
				C72A13D32785ABBD00F08E22 /* SubmitRequest.swift */,
				C7CD777B2796CE5300BD9F66 /* PayHereInitnSubmitResponse.swift */,
				C7CD777D279E85DE00BD9F66 /* Cache.swift */,
			);
			path = Model;
			sourceTree = "<group>";
		};
		908B1E05744795CCDC2952E2 /* Pods */ = {
			isa = PBXGroup;
			children = (
				D99B0729ADA86551C3CE2AA5 /* Pods-demoapp.debug.xcconfig */,
				15F26120318AC2818B0DAB60 /* Pods-demoapp.release.xcconfig */,
				E80B4F04AD6AF11AF46DCAAA /* Pods-payHereSDK.debug.xcconfig */,
				6FEEB29D828D8D62BD0152D3 /* Pods-payHereSDK.release.xcconfig */,
			);
			path = Pods;
			sourceTree = "<group>";
		};
		C72750C923A75A8600AE9037 /* Resources */ = {
			isa = PBXGroup;
			children = (
				1460C8C02F22332A005CB9BA /* HeaderCollectionReusableView.xib */,
				1460C8C12F22332A005CB9BA /* PayHere.storyboard */,
				1460C8C22F22332A005CB9BA /* PaymentOptionTableViewCell.xib */,
				1460C8C32F22332A005CB9BA /* PayOptionCollectionViewCell.xib */,
				1460C8C42F22332A005CB9BA /* PayWithHelaPayTableViewCell.xib */,
				1460C8C52F22332A005CB9BA /* PHBottomSheetTableViewSectioHeader.xib */,
				C7E9F6BB277C31810013D2D4 /* HPay.ttf */,
				C7E9F6BA277C31810013D2D4 /* HPayBold.ttf */,
			);
			path = Resources;
			sourceTree = "<group>";
		};
		C793DE5E23C717C900666008 /* demoapp */ = {
			isa = PBXGroup;
			children = (
				C793DE5F23C717C900666008 /* AppDelegate.swift */,
				C793DE6123C717C900666008 /* SceneDelegate.swift */,
				C793DE6323C717C900666008 /* ViewController.swift */,
				C793DE6523C717C900666008 /* Main.storyboard */,
				C793DE6823C717CA00666008 /* Assets.xcassets */,
				C793DE6A23C717CA00666008 /* LaunchScreen.storyboard */,
				C793DE6D23C717CA00666008 /* Info.plist */,
			);
			path = demoapp;
			sourceTree = "<group>";
		};
		C7F807F32281AA7D008FC750 /* Sources */ = {
			isa = PBXGroup;
			children = (
				1460C8B42F222E20005CB9BA /* HeaderCollectionReusableView.swift */,
				1460C8B52F222E20005CB9BA /* PaymentOptionTableViewCell.swift */,
				1460C8B62F222E20005CB9BA /* PayOptionCollectionViewCell.swift */,
				1460C8B72F222E20005CB9BA /* PayWithHelaPayTableViewCell.swift */,
				1460C8B82F222E20005CB9BA /* PHBottomSheetTableViewSectioHeader.swift */,
				1460C8B92F222E20005CB9BA /* WVCheckMark.swift */,
				1440F8C82ED4756C001317B7 /* PHColorProfile.swift */,
				C799349523A9FEFC005E5A7B /* PayOptionCollectionViewCell.swift */,
				C7A7DA3123C5D6F90029210E /* HeaderCollectionReusableView.swift */,
				C75702BC23D8381600805AF8 /* WVCheckMark.swift */,
				C7E9F6B6277C2FA10013D2D4 /* PayWithHelaPayTableViewCell.swift */,
				C7E9F6BE277C76A10013D2D4 /* PHBottomSheetTableViewSectioHeader.swift */,
				C72A13CF2784500C00F08E22 /* PaymentOptionTableViewCell.swift */,
				147377092D71722600EFFC0E /* PrivacyInfo.xcprivacy */,
				C72750C923A75A8600AE9037 /* Resources */,
				8A74D7F320528E4500CF10AB /* Model */,
				8A74D7E120528D9800CF10AB /* payHereSDK.h */,
				8A74D7ED20528E3900CF10AB /* PHConfigs.swift */,
				8A74D7EC20528E3900CF10AB /* PHConstants.swift */,
				8A74D7EA20528E3800CF10AB /* PHResponse.swift */,
				8A74D7EB20528E3800CF10AB /* ParamHandler.swift */,
				8A74D7FE20528E7100CF10AB /* Extention.swift */,
				F503041027E4744C008844E5 /* PHUtils.swift */,
				C746D50F234C9A7300F9D06F /* PHPrecentController.swift */,
				C799349323A8E72B005E5A7B /* PHBottomViewController.swift */,
				C72750CC23A75B8A00AE9037 /* image.xcassets */,
				F505EC8F2833418C00F6AC4F /* WaitUntil.swift */,
				1440F8C62ED473B9001317B7 /* colors.xcassets */,
			);
			path = Sources;
			sourceTree = "<group>";
		};
/* End PBXGroup section */

/* Begin PBXHeadersBuildPhase section */
		8A74D7DB20528D9800CF10AB /* Headers */ = {
			isa = PBXHeadersBuildPhase;
			buildActionMask = 2147483647;
			files = (
				8A74D7E320528D9800CF10AB /* payHereSDK.h in Headers */,
			);
			runOnlyForDeploymentPostprocessing = 0;
		};
/* End PBXHeadersBuildPhase section */

/* Begin PBXNativeTarget section */
		8A74D7DD20528D9800CF10AB /* payHereSDK */ = {
			isa = PBXNativeTarget;
			buildConfigurationList = 8A74D7E620528D9800CF10AB /* Build configuration list for PBXNativeTarget "payHereSDK" */;
			buildPhases = (
				9E0E04F0C15FAEB2F8877720 /* [CP] Check Pods Manifest.lock */,
				8A74D7D920528D9800CF10AB /* Sources */,
				8A74D7DA20528D9800CF10AB /* Frameworks */,
				8A74D7DB20528D9800CF10AB /* Headers */,
				8A74D7DC20528D9800CF10AB /* Resources */,
			);
			buildRules = (
			);
			dependencies = (
			);
			name = payHereSDK;
			productName = payHereSDK;
			productReference = 8A74D7DE20528D9800CF10AB /* payHereSDK.framework */;
			productType = "com.apple.product-type.framework";
		};
		C793DE5C23C717C900666008 /* demoapp */ = {
			isa = PBXNativeTarget;
			buildConfigurationList = C793DE6E23C717CA00666008 /* Build configuration list for PBXNativeTarget "demoapp" */;
			buildPhases = (
				AC8FF3D1E977503219DDAE70 /* [CP] Check Pods Manifest.lock */,
				C793DE5923C717C900666008 /* Sources */,
				C793DE5A23C717C900666008 /* Frameworks */,
				C793DE5B23C717C900666008 /* Resources */,
				C793DE7523C717F000666008 /* Embed Frameworks */,
				4982D80140D115BB99F5D7FC /* [CP] Embed Pods Frameworks */,
			);
			buildRules = (
			);
			dependencies = (
				C793DE7423C717F000666008 /* PBXTargetDependency */,
			);
			name = demoapp;
			productName = demoapp;
			productReference = C793DE5D23C717C900666008 /* demoapp.app */;
			productType = "com.apple.product-type.application";
		};
/* End PBXNativeTarget section */

/* Begin PBXProject section */
		8A74D7D520528D9800CF10AB /* Project object */ = {
			isa = PBXProject;
			attributes = {
				LastSwiftUpdateCheck = 1120;
				LastUpgradeCheck = 1160;
				ORGANIZATIONNAME = PayHere;
				TargetAttributes = {
					8A74D7DD20528D9800CF10AB = {
						CreatedOnToolsVersion = 9.2;
						ProvisioningStyle = Automatic;
					};
					C793DE5C23C717C900666008 = {
						CreatedOnToolsVersion = 11.2.1;
						ProvisioningStyle = Automatic;
					};
				};
			};
			buildConfigurationList = 8A74D7D820528D9800CF10AB /* Build configuration list for PBXProject "PayhereSDK" */;
			compatibilityVersion = "Xcode 8.0";
			developmentRegion = en;
			hasScannedForEncodings = 0;
			knownRegions = (
				en,
				Base,
			);
			mainGroup = 8A74D7D420528D9800CF10AB;
			productRefGroup = 8A74D7DF20528D9800CF10AB /* Products */;
			projectDirPath = "";
			projectRoot = "";
			targets = (
				8A74D7DD20528D9800CF10AB /* payHereSDK */,
				C793DE5C23C717C900666008 /* demoapp */,
			);
		};
/* End PBXProject section */

/* Begin PBXResourcesBuildPhase section */
		8A74D7DC20528D9800CF10AB /* Resources */ = {
			isa = PBXResourcesBuildPhase;
			buildActionMask = 2147483647;
			files = (
				8A1FF74B206254DF00924B21 /* README.md in Resources */,
				1473770A2D71722600EFFC0E /* PrivacyInfo.xcprivacy in Resources */,
				8AD11E6420612739002E4F82 /* payHereSDK.podspec in Resources */,
				C72750CD23A75B8A00AE9037 /* image.xcassets in Resources */,
				C7E9F6BD277C31810013D2D4 /* HPay.ttf in Resources */,
				C7E9F6BC277C31810013D2D4 /* HPayBold.ttf in Resources */,
				8AD11E6320612739002E4F82 /* LICENSE in Resources */,
				1460C8C62F22332A005CB9BA /* HeaderCollectionReusableView.xib in Resources */,
				1460C8C72F22332A005CB9BA /* PayOptionCollectionViewCell.xib in Resources */,
				1460C8C82F22332A005CB9BA /* PayWithHelaPayTableViewCell.xib in Resources */,
				1460C8C92F22332A005CB9BA /* PayHere.storyboard in Resources */,
				1460C8CA2F22332A005CB9BA /* PaymentOptionTableViewCell.xib in Resources */,
				1460C8CB2F22332A005CB9BA /* PHBottomSheetTableViewSectioHeader.xib in Resources */,
				1440F8C72ED473B9001317B7 /* colors.xcassets in Resources */,
			);
			runOnlyForDeploymentPostprocessing = 0;
		};
		C793DE5B23C717C900666008 /* Resources */ = {
			isa = PBXResourcesBuildPhase;
			buildActionMask = 2147483647;
			files = (
				C793DE6C23C717CA00666008 /* LaunchScreen.storyboard in Resources */,
				C793DE6923C717CA00666008 /* Assets.xcassets in Resources */,
				C793DE6723C717C900666008 /* Main.storyboard in Resources */,
			);
			runOnlyForDeploymentPostprocessing = 0;
		};
/* End PBXResourcesBuildPhase section */

/* Begin PBXShellScriptBuildPhase section */
		4982D80140D115BB99F5D7FC /* [CP] Embed Pods Frameworks */ = {
			isa = PBXShellScriptBuildPhase;
			buildActionMask = 2147483647;
			files = (
			);
			inputPaths = (
				"${PODS_ROOT}/Target Support Files/Pods-demoapp/Pods-demoapp-frameworks.sh",
				"${BUILT_PRODUCTS_DIR}/Alamofire/Alamofire.framework",
				"${BUILT_PRODUCTS_DIR}/ObjectMapper/ObjectMapper.framework",
			);
			name = "[CP] Embed Pods Frameworks";
			outputPaths = (
				"${TARGET_BUILD_DIR}/${FRAMEWORKS_FOLDER_PATH}/Alamofire.framework",
				"${TARGET_BUILD_DIR}/${FRAMEWORKS_FOLDER_PATH}/ObjectMapper.framework",
			);
			runOnlyForDeploymentPostprocessing = 0;
			shellPath = /bin/sh;
			shellScript = "\"${PODS_ROOT}/Target Support Files/Pods-demoapp/Pods-demoapp-frameworks.sh\"\n";
			showEnvVarsInLog = 0;
		};
		9E0E04F0C15FAEB2F8877720 /* [CP] Check Pods Manifest.lock */ = {
			isa = PBXShellScriptBuildPhase;
			buildActionMask = 2147483647;
			files = (
			);
			inputFileListPaths = (
			);
			inputPaths = (
				"${PODS_PODFILE_DIR_PATH}/Podfile.lock",
				"${PODS_ROOT}/Manifest.lock",
			);
			name = "[CP] Check Pods Manifest.lock";
			outputFileListPaths = (
			);
			outputPaths = (
				"$(DERIVED_FILE_DIR)/Pods-payHereSDK-checkManifestLockResult.txt",
			);
			runOnlyForDeploymentPostprocessing = 0;
			shellPath = /bin/sh;
			shellScript = "diff \"${PODS_PODFILE_DIR_PATH}/Podfile.lock\" \"${PODS_ROOT}/Manifest.lock\" > /dev/null\nif [ $? != 0 ] ; then\n    # print error to STDERR\n    echo \"error: The sandbox is not in sync with the Podfile.lock. Run 'pod install' or update your CocoaPods installation.\" >&2\n    exit 1\nfi\n# This output is used by Xcode 'outputs' to avoid re-running this script phase.\necho \"SUCCESS\" > \"${SCRIPT_OUTPUT_FILE_0}\"\n";
			showEnvVarsInLog = 0;
		};
		AC8FF3D1E977503219DDAE70 /* [CP] Check Pods Manifest.lock */ = {
			isa = PBXShellScriptBuildPhase;
			buildActionMask = 2147483647;
			files = (
			);
			inputFileListPaths = (
			);
			inputPaths = (
				"${PODS_PODFILE_DIR_PATH}/Podfile.lock",
				"${PODS_ROOT}/Manifest.lock",
			);
			name = "[CP] Check Pods Manifest.lock";
			outputFileListPaths = (
			);
			outputPaths = (
				"$(DERIVED_FILE_DIR)/Pods-demoapp-checkManifestLockResult.txt",
			);
			runOnlyForDeploymentPostprocessing = 0;
			shellPath = /bin/sh;
			shellScript = "diff \"${PODS_PODFILE_DIR_PATH}/Podfile.lock\" \"${PODS_ROOT}/Manifest.lock\" > /dev/null\nif [ $? != 0 ] ; then\n    # print error to STDERR\n    echo \"error: The sandbox is not in sync with the Podfile.lock. Run 'pod install' or update your CocoaPods installation.\" >&2\n    exit 1\nfi\n# This output is used by Xcode 'outputs' to avoid re-running this script phase.\necho \"SUCCESS\" > \"${SCRIPT_OUTPUT_FILE_0}\"\n";
			showEnvVarsInLog = 0;
		};
/* End PBXShellScriptBuildPhase section */

/* Begin PBXSourcesBuildPhase section */
		8A74D7D920528D9800CF10AB /* Sources */ = {
			isa = PBXSourcesBuildPhase;
			buildActionMask = 2147483647;
			files = (
				C7A7DA3323C5D6F90029210E /* HeaderCollectionReusableView.swift in Sources */,
				F505EC902833418C00F6AC4F /* WaitUntil.swift in Sources */,
				C7E9F6B8277C2FA20013D2D4 /* PayWithHelaPayTableViewCell.swift in Sources */,
				C72A13D12784500D00F08E22 /* PaymentOptionTableViewCell.swift in Sources */,
				8A74D7FC20528E5C00CF10AB /* Address.swift in Sources */,
				8A74D7FD20528E5C00CF10AB /* InitRequest.swift in Sources */,
				F503041127E4744C008844E5 /* PHUtils.swift in Sources */,
				C799349723A9FEFC005E5A7B /* PayOptionCollectionViewCell.swift in Sources */,
				C7CD777C2796CE5300BD9F66 /* PayHereInitnSubmitResponse.swift in Sources */,
				C75702BB23D802ED00805AF8 /* PaymentUI.swift in Sources */,
				8A74D7EF20528E3900CF10AB /* PHResponse.swift in Sources */,
				8A74D7F120528E3900CF10AB /* PHConstants.swift in Sources */,
				C7CD777E279E85DF00BD9F66 /* Cache.swift in Sources */,
				C72A13D42785ABBE00F08E22 /* SubmitRequest.swift in Sources */,
				C75702C123D9642C00805AF8 /* PHInitRequest.swift in Sources */,
				C75702C323D964A700805AF8 /* PHEnums.swift in Sources */,
				C746D510234C9A7300F9D06F /* PHPrecentController.swift in Sources */,
				8A74D7F920528E5C00CF10AB /* Customer.swift in Sources */,
				C7E9F6BF277C76A10013D2D4 /* PHBottomSheetTableViewSectioHeader.swift in Sources */,
				1460C8BA2F222E20005CB9BA /* PayOptionCollectionViewCell.swift in Sources */,
				1460C8BB2F222E20005CB9BA /* PHBottomSheetTableViewSectioHeader.swift in Sources */,
				1460C8BC2F222E20005CB9BA /* PayWithHelaPayTableViewCell.swift in Sources */,
				1460C8BD2F222E20005CB9BA /* PaymentOptionTableViewCell.swift in Sources */,
				1460C8BE2F222E20005CB9BA /* WVCheckMark.swift in Sources */,
				1460C8BF2F222E20005CB9BA /* HeaderCollectionReusableView.swift in Sources */,
				C75702BD23D8381700805AF8 /* WVCheckMark.swift in Sources */,
				C75702BF23D963F700805AF8 /* PHInitialRequest.swift in Sources */,
				1440F8CA2ED47BFF001317B7 /* PHColorProfile.swift in Sources */,
				8A74D7FB20528E5C00CF10AB /* Item.swift in Sources */,
				C75D50D823BCC61100088CDB /* PHInitResponse.swift in Sources */,
				8A74D7F220528E3900CF10AB /* PHConfigs.swift in Sources */,
				C799349423A8E72B005E5A7B /* PHBottomViewController.swift in Sources */,
				8A74D7F020528E3900CF10AB /* ParamHandler.swift in Sources */,
				8A74D7FF20528E7100CF10AB /* Extention.swift in Sources */,
				8A74D7FA20528E5C00CF10AB /* StatusResponse.swift in Sources */,
			);
			runOnlyForDeploymentPostprocessing = 0;
		};
		C793DE5923C717C900666008 /* Sources */ = {
			isa = PBXSourcesBuildPhase;
			buildActionMask = 2147483647;
			files = (
				C793DE6423C717C900666008 /* ViewController.swift in Sources */,
				C793DE6023C717C900666008 /* AppDelegate.swift in Sources */,
				C793DE6223C717C900666008 /* SceneDelegate.swift in Sources */,
			);
			runOnlyForDeploymentPostprocessing = 0;
		};
/* End PBXSourcesBuildPhase section */

/* Begin PBXTargetDependency section */
		C793DE7423C717F000666008 /* PBXTargetDependency */ = {
			isa = PBXTargetDependency;
			target = 8A74D7DD20528D9800CF10AB /* payHereSDK */;
			targetProxy = C793DE7323C717F000666008 /* PBXContainerItemProxy */;
		};
/* End PBXTargetDependency section */

/* Begin PBXVariantGroup section */
		C793DE6523C717C900666008 /* Main.storyboard */ = {
			isa = PBXVariantGroup;
			children = (
				C793DE6623C717C900666008 /* Base */,
			);
			name = Main.storyboard;
			sourceTree = "<group>";
		};
		C793DE6A23C717CA00666008 /* LaunchScreen.storyboard */ = {
			isa = PBXVariantGroup;
			children = (
				C793DE6B23C717CA00666008 /* Base */,
			);
			name = LaunchScreen.storyboard;
			sourceTree = "<group>";
		};
/* End PBXVariantGroup section */

/* Begin XCBuildConfiguration section */
		8A74D7E420528D9800CF10AB /* Debug */ = {
			isa = XCBuildConfiguration;
			buildSettings = {
				ALWAYS_SEARCH_USER_PATHS = NO;
				CLANG_ANALYZER_NONNULL = YES;
				CLANG_ANALYZER_NUMBER_OBJECT_CONVERSION = YES_AGGRESSIVE;
				CLANG_CXX_LANGUAGE_STANDARD = "gnu++14";
				CLANG_ENABLE_MODULES = YES;
				CLANG_ENABLE_OBJC_ARC = YES;
				CLANG_WARN_BLOCK_CAPTURE_AUTORELEASING = YES;
				CLANG_WARN_BOOL_CONVERSION = YES;
				CLANG_WARN_COMMA = YES;
				CLANG_WARN_CONSTANT_CONVERSION = YES;
				CLANG_WARN_DEPRECATED_OBJC_IMPLEMENTATIONS = YES;
				CLANG_WARN_DIRECT_OBJC_ISA_USAGE = YES_ERROR;
				CLANG_WARN_DOCUMENTATION_COMMENTS = YES;
				CLANG_WARN_EMPTY_BODY = YES;
				CLANG_WARN_ENUM_CONVERSION = YES;
				CLANG_WARN_INFINITE_RECURSION = YES;
				CLANG_WARN_INT_CONVERSION = YES;
				CLANG_WARN_NON_LITERAL_NULL_CONVERSION = YES;
				CLANG_WARN_OBJC_IMPLICIT_RETAIN_SELF = YES;
				CLANG_WARN_OBJC_LITERAL_CONVERSION = YES;
				CLANG_WARN_OBJC_ROOT_CLASS = YES_ERROR;
				CLANG_WARN_RANGE_LOOP_ANALYSIS = YES;
				CLANG_WARN_STRICT_PROTOTYPES = YES;
				CLANG_WARN_SUSPICIOUS_MOVE = YES;
				CLANG_WARN_UNGUARDED_AVAILABILITY = YES_AGGRESSIVE;
				CLANG_WARN_UNREACHABLE_CODE = YES;
				CLANG_WARN__DUPLICATE_METHOD_MATCH = YES;
				CODE_SIGN_IDENTITY = "iPhone Developer";
				COPY_PHASE_STRIP = NO;
				CURRENT_PROJECT_VERSION = 1;
				DEBUG_INFORMATION_FORMAT = dwarf;
				ENABLE_STRICT_OBJC_MSGSEND = YES;
				ENABLE_TESTABILITY = YES;
				GCC_C_LANGUAGE_STANDARD = gnu11;
				GCC_DYNAMIC_NO_PIC = NO;
				GCC_NO_COMMON_BLOCKS = YES;
				GCC_OPTIMIZATION_LEVEL = 0;
				GCC_PREPROCESSOR_DEFINITIONS = "$(inherited)";
				GCC_WARN_64_TO_32_BIT_CONVERSION = YES;
				GCC_WARN_ABOUT_RETURN_TYPE = YES_ERROR;
				GCC_WARN_UNDECLARED_SELECTOR = YES;
				GCC_WARN_UNINITIALIZED_AUTOS = YES_AGGRESSIVE;
				GCC_WARN_UNUSED_FUNCTION = YES;
				GCC_WARN_UNUSED_VARIABLE = YES;
				HEADER_SEARCH_PATHS = "$(inherited)";
				IPHONEOS_DEPLOYMENT_TARGET = 13.0;
				MTL_ENABLE_DEBUG_INFO = YES;
				ONLY_ACTIVE_ARCH = YES;
				OTHER_LDFLAGS = "";
				SDKROOT = iphoneos;
				SWIFT_ACTIVE_COMPILATION_CONDITIONS = DEBUG;
				SWIFT_INCLUDE_PATHS = "\"$(SRCROOT)/payHereSDK/CommonCrypto\"";
				SWIFT_OPTIMIZATION_LEVEL = "-Onone";
				SWIFT_VERSION = 5.0;
				VERSIONING_SYSTEM = "apple-generic";
				VERSION_INFO_PREFIX = "";
			};
			name = Debug;
		};
		8A74D7E520528D9800CF10AB /* Release */ = {
			isa = XCBuildConfiguration;
			buildSettings = {
				ALWAYS_SEARCH_USER_PATHS = NO;
				CLANG_ANALYZER_NONNULL = YES;
				CLANG_ANALYZER_NUMBER_OBJECT_CONVERSION = YES_AGGRESSIVE;
				CLANG_CXX_LANGUAGE_STANDARD = "gnu++14";
				CLANG_ENABLE_MODULES = YES;
				CLANG_ENABLE_OBJC_ARC = YES;
				CLANG_WARN_BLOCK_CAPTURE_AUTORELEASING = YES;
				CLANG_WARN_BOOL_CONVERSION = YES;
				CLANG_WARN_COMMA = YES;
				CLANG_WARN_CONSTANT_CONVERSION = YES;
				CLANG_WARN_DEPRECATED_OBJC_IMPLEMENTATIONS = YES;
				CLANG_WARN_DIRECT_OBJC_ISA_USAGE = YES_ERROR;
				CLANG_WARN_DOCUMENTATION_COMMENTS = YES;
				CLANG_WARN_EMPTY_BODY = YES;
				CLANG_WARN_ENUM_CONVERSION = YES;
				CLANG_WARN_INFINITE_RECURSION = YES;
				CLANG_WARN_INT_CONVERSION = YES;
				CLANG_WARN_NON_LITERAL_NULL_CONVERSION = YES;
				CLANG_WARN_OBJC_IMPLICIT_RETAIN_SELF = YES;
				CLANG_WARN_OBJC_LITERAL_CONVERSION = YES;
				CLANG_WARN_OBJC_ROOT_CLASS = YES_ERROR;
				CLANG_WARN_RANGE_LOOP_ANALYSIS = YES;
				CLANG_WARN_STRICT_PROTOTYPES = YES;
				CLANG_WARN_SUSPICIOUS_MOVE = YES;
				CLANG_WARN_UNGUARDED_AVAILABILITY = YES_AGGRESSIVE;
				CLANG_WARN_UNREACHABLE_CODE = YES;
				CLANG_WARN__DUPLICATE_METHOD_MATCH = YES;
				CODE_SIGN_IDENTITY = "iPhone Developer";
				COPY_PHASE_STRIP = NO;
				CURRENT_PROJECT_VERSION = 1;
				DEBUG_INFORMATION_FORMAT = "dwarf-with-dsym";
				ENABLE_NS_ASSERTIONS = NO;
				ENABLE_STRICT_OBJC_MSGSEND = YES;
				GCC_C_LANGUAGE_STANDARD = gnu11;
				GCC_NO_COMMON_BLOCKS = YES;
				GCC_PREPROCESSOR_DEFINITIONS = "$(inherited)";
				GCC_WARN_64_TO_32_BIT_CONVERSION = YES;
				GCC_WARN_ABOUT_RETURN_TYPE = YES_ERROR;
				GCC_WARN_UNDECLARED_SELECTOR = YES;
				GCC_WARN_UNINITIALIZED_AUTOS = YES_AGGRESSIVE;
				GCC_WARN_UNUSED_FUNCTION = YES;
				GCC_WARN_UNUSED_VARIABLE = YES;
				HEADER_SEARCH_PATHS = "$(inherited)";
				IPHONEOS_DEPLOYMENT_TARGET = 13.0;
				MTL_ENABLE_DEBUG_INFO = NO;
				OTHER_LDFLAGS = "";
				SDKROOT = iphoneos;
				SWIFT_INCLUDE_PATHS = "\"$(SRCROOT)/payHereSDK/CommonCrypto\"";
				SWIFT_OPTIMIZATION_LEVEL = "-Owholemodule";
				SWIFT_VERSION = 5.0;
				VALIDATE_PRODUCT = YES;
				VERSIONING_SYSTEM = "apple-generic";
				VERSION_INFO_PREFIX = "";
			};
			name = Release;
		};
		8A74D7E720528D9800CF10AB /* Debug */ = {
			isa = XCBuildConfiguration;
			baseConfigurationReference = E80B4F04AD6AF11AF46DCAAA /* Pods-payHereSDK.debug.xcconfig */;
			buildSettings = {
				CLANG_ALLOW_NON_MODULAR_INCLUDES_IN_FRAMEWORK_MODULES = YES;
				CLANG_CXX_LIBRARY = "libc++";
				CODE_SIGN_IDENTITY = "";
				"CODE_SIGN_IDENTITY[sdk=iphoneos*]" = "iPhone Developer";
				CODE_SIGN_STYLE = Automatic;
				DEFINES_MODULE = YES;
				DEVELOPMENT_TEAM = JANGPUDH4X;
				DYLIB_COMPATIBILITY_VERSION = 1;
				DYLIB_CURRENT_VERSION = 1;
				DYLIB_INSTALL_NAME_BASE = "@rpath";
				FRAMEWORK_SEARCH_PATHS = (
					"\"${PODS_CONFIGURATION_BUILD_DIR}/Alamofire\"",
					"\"${PODS_CONFIGURATION_BUILD_DIR}/AlamofireObjectMapper\"",
					"\"${PODS_CONFIGURATION_BUILD_DIR}/ObjectMapper\"",
				);
				HEADER_SEARCH_PATHS = "$(inherited)";
				INFOPLIST_FILE = payHereSDK/Info.plist;
				INSTALL_PATH = "$(LOCAL_LIBRARY_DIR)/Frameworks";
				IPHONEOS_DEPLOYMENT_TARGET = 13.0;
				LD_RUNPATH_SEARCH_PATHS = "$(inherited) @executable_path/Frameworks @loader_path/Frameworks";
				OTHER_CFLAGS = "";
				PRODUCT_BUNDLE_IDENTIFIER = lk.payahere.payHereSDK;
				PRODUCT_NAME = "$(TARGET_NAME:c99extidentifier)";
				SKIP_INSTALL = YES;
				SWIFT_INCLUDE_PATHS = "\"$(SRCROOT)/payHereSDK/CommonCrypto\"";
				SWIFT_VERSION = 5.0;
				TARGETED_DEVICE_FAMILY = "1,2";
			};
			name = Debug;
		};
		8A74D7E820528D9800CF10AB /* Release */ = {
			isa = XCBuildConfiguration;
			baseConfigurationReference = 6FEEB29D828D8D62BD0152D3 /* Pods-payHereSDK.release.xcconfig */;
			buildSettings = {
				CLANG_ALLOW_NON_MODULAR_INCLUDES_IN_FRAMEWORK_MODULES = YES;
				CLANG_CXX_LIBRARY = "libc++";
				CODE_SIGN_IDENTITY = "";
				CODE_SIGN_STYLE = Automatic;
				DEFINES_MODULE = YES;
				DEVELOPMENT_TEAM = JANGPUDH4X;
				DYLIB_COMPATIBILITY_VERSION = 1;
				DYLIB_CURRENT_VERSION = 1;
				DYLIB_INSTALL_NAME_BASE = "@rpath";
				FRAMEWORK_SEARCH_PATHS = (
					"\"${PODS_CONFIGURATION_BUILD_DIR}/Alamofire\"",
					"\"${PODS_CONFIGURATION_BUILD_DIR}/AlamofireObjectMapper\"",
					"\"${PODS_CONFIGURATION_BUILD_DIR}/ObjectMapper\"",
				);
				HEADER_SEARCH_PATHS = "$(inherited)";
				INFOPLIST_FILE = payHereSDK/Info.plist;
				INSTALL_PATH = "$(LOCAL_LIBRARY_DIR)/Frameworks";
				IPHONEOS_DEPLOYMENT_TARGET = 13.0;
				LD_RUNPATH_SEARCH_PATHS = "$(inherited) @executable_path/Frameworks @loader_path/Frameworks";
				OTHER_CFLAGS = "";
				PRODUCT_BUNDLE_IDENTIFIER = lk.payahere.payHereSDK;
				PRODUCT_NAME = "$(TARGET_NAME:c99extidentifier)";
				SKIP_INSTALL = YES;
				SWIFT_INCLUDE_PATHS = "\"$(SRCROOT)/payHereSDK/CommonCrypto\"";
				SWIFT_VERSION = 5.0;
				TARGETED_DEVICE_FAMILY = "1,2";
			};
			name = Release;
		};
		C793DE6F23C717CA00666008 /* Debug */ = {
			isa = XCBuildConfiguration;
			baseConfigurationReference = D99B0729ADA86551C3CE2AA5 /* Pods-demoapp.debug.xcconfig */;
			buildSettings = {
				ASSETCATALOG_COMPILER_APPICON_NAME = AppIcon;
				CLANG_ENABLE_OBJC_WEAK = YES;
				CLANG_WARN_DEPRECATED_OBJC_IMPLEMENTATIONS = YES;
				CLANG_WARN_OBJC_IMPLICIT_RETAIN_SELF = YES;
				CODE_SIGN_STYLE = Automatic;
				DEVELOPMENT_TEAM = JANGPUDH4X;
				FRAMEWORK_SEARCH_PATHS = (
					"\"${PODS_CONFIGURATION_BUILD_DIR}/Alamofire\"",
					"\"${PODS_CONFIGURATION_BUILD_DIR}/AlamofireObjectMapper\"",
					"\"${PODS_CONFIGURATION_BUILD_DIR}/ObjectMapper\"",
				);
				INFOPLIST_FILE = demoapp/Info.plist;
				IPHONEOS_DEPLOYMENT_TARGET = 13.0;
				LD_RUNPATH_SEARCH_PATHS = "$(inherited) @executable_path/Frameworks";
				MTL_ENABLE_DEBUG_INFO = INCLUDE_SOURCE;
				MTL_FAST_MATH = YES;
				PRODUCT_BUNDLE_IDENTIFIER = lk.payhere.demo;
				PRODUCT_NAME = "$(TARGET_NAME)";
				SWIFT_VERSION = 5.0;
				TARGETED_DEVICE_FAMILY = "1,2";
			};
			name = Debug;
		};
		C793DE7023C717CA00666008 /* Release */ = {
			isa = XCBuildConfiguration;
			baseConfigurationReference = 15F26120318AC2818B0DAB60 /* Pods-demoapp.release.xcconfig */;
			buildSettings = {
				ASSETCATALOG_COMPILER_APPICON_NAME = AppIcon;
				CLANG_ENABLE_OBJC_WEAK = YES;
				CLANG_WARN_DEPRECATED_OBJC_IMPLEMENTATIONS = YES;
				CLANG_WARN_OBJC_IMPLICIT_RETAIN_SELF = YES;
				CODE_SIGN_STYLE = Automatic;
				DEVELOPMENT_TEAM = JANGPUDH4X;
				FRAMEWORK_SEARCH_PATHS = (
					"\"${PODS_CONFIGURATION_BUILD_DIR}/Alamofire\"",
					"\"${PODS_CONFIGURATION_BUILD_DIR}/AlamofireObjectMapper\"",
					"\"${PODS_CONFIGURATION_BUILD_DIR}/ObjectMapper\"",
				);
				INFOPLIST_FILE = demoapp/Info.plist;
				IPHONEOS_DEPLOYMENT_TARGET = 13.0;
				LD_RUNPATH_SEARCH_PATHS = "$(inherited) @executable_path/Frameworks";
				MTL_FAST_MATH = YES;
				PRODUCT_BUNDLE_IDENTIFIER = lk.payhere.demo;
				PRODUCT_NAME = "$(TARGET_NAME)";
				SWIFT_VERSION = 5.0;
				TARGETED_DEVICE_FAMILY = "1,2";
			};
			name = Release;
		};
/* End XCBuildConfiguration section */

/* Begin XCConfigurationList section */
		8A74D7D820528D9800CF10AB /* Build configuration list for PBXProject "PayhereSDK" */ = {
			isa = XCConfigurationList;
			buildConfigurations = (
				8A74D7E420528D9800CF10AB /* Debug */,
				8A74D7E520528D9800CF10AB /* Release */,
			);
			defaultConfigurationIsVisible = 0;
			defaultConfigurationName = Release;
		};
		8A74D7E620528D9800CF10AB /* Build configuration list for PBXNativeTarget "payHereSDK" */ = {
			isa = XCConfigurationList;
			buildConfigurations = (
				8A74D7E720528D9800CF10AB /* Debug */,
				8A74D7E820528D9800CF10AB /* Release */,
			);
			defaultConfigurationIsVisible = 0;
			defaultConfigurationName = Release;
		};
		C793DE6E23C717CA00666008 /* Build configuration list for PBXNativeTarget "demoapp" */ = {
			isa = XCConfigurationList;
			buildConfigurations = (
				C793DE6F23C717CA00666008 /* Debug */,
				C793DE7023C717CA00666008 /* Release */,
			);
			defaultConfigurationIsVisible = 0;
			defaultConfigurationName = Release;
		};
/* End XCConfigurationList section */
	};
	rootObject = 8A74D7D520528D9800CF10AB /* Project object */;
}
